github.com/andybalholm/brotli v1.0.6 h1:Yf9fFpf49Zrxb9NlQaluyE92/+X7UVHlhMNJN2sxfOI=
github.com/andybalholm/brotli v1.0.6/go.mod h1:fO7iG3H7G2nSZ7m0zPUDn85XEX2GTukHGRSepvi9Eig=
github.com/arelate/southern_light v0.1.36 h1:LArePEjBIUeXFDfs0w4wO9i9KwM7zQg1UzlqeSK2QqA=
github.com/arelate/southern_light v0.1.36/go.mod h1:IR7j2+TrHdoNfZrTNeXOvL3UYsotcNED3aOAEpm7VCY=
github.com/arelate/vangogh_local_data v0.4.4 h1:2xG+TlonCkIlwNtvfrkGfbyd0CCXGYs/UxxuYMRDjxE=
github.com/arelate/vangogh_local_data v0.4.4/go.mod h1:seCnqG06X3vh6x/0Lm80kerB/aNLcD5QPHNzX+bFsvA=
github.com/arelate/vangogh_local_data v0.4.9 h1:kucbkdnlV/SUBwmFZbzUpbxL5KokBxAWBCVQEbQfmNo=
github.com/arelate/vangogh_local_data v0.4.9/go.mod h1:zbNKzfGYXHSaqoZdFYdSADbXhf9+KVGbZ+qhSTukfoQ=
github.com/boggydigital/clo v1.0.4 h1:LKvXktyG+EeemzjnSp0DYIAEbY2/rvFcuHtjjwJk280=
github.com/boggydigital/clo v1.0.4/go.mod h1:7QbdMB008okXsdk41qJyJ6k/oJALIIXQ0GLYSxY9WFM=
github.com/boggydigital/issa v0.1.10 h1:zHSRJHkOz3DwVvp4/YL06qq/VHXexL7qrn4m48hRf/o=
github.com/boggydigital/issa v0.1.10/go.mod h1:Rq+f8yeTlM/3ov4MCjmxWNL90n47h5CkwP6/628McKU=
github.com/boggydigital/kvas v0.4.2 h1:3OG/pxBuzEaec4YJlHbppRFeAoqZnp9GOUuny3RkGD4=
github.com/boggydigital/kvas v0.4.2/go.mod h1:oP9td1uUuG0cgNGle/iz2dbdAllJcyLBGgp0GJ7nZCg=
github.com/boggydigital/kvas v0.4.3 h1:T6hSzFz1ocPBzpn4rhbDf+mIU0P7xvFn7zVkQ+JV43w=
github.com/boggydigital/kvas v0.4.3/go.mod h1:oP9td1uUuG0cgNGle/iz2dbdAllJcyLBGgp0GJ7nZCg=
github.com/boggydigital/match_node v0.1.16 h1:oE7Hlehb1xuFnB3k7kfZPjaOV3c+j0g/O76+XVoib3E=
github.com/boggydigital/match_node v0.1.16/go.mod h1:dAlD1Ktt/eUSkGzvqoxDUDTmAKZO6V7aWH5toocaeU4=
github.com/boggydigital/middleware v0.1.11 h1:jmUbgB1EPUoM9vP8BllgZMwbx2Gar17uNPqtsWHXSDE=
github.com/boggydigital/middleware v0.1.11/go.mod h1:RCbCF5f5evepYZyVcZpqzMwiF+xSY62xi9CKEeQJJCg=
github.com/boggydigital/nod v0.1.21 h1:pQbrgswCuU5dr3IWS1Z902PJAm5BebSLG+Q3aG7KJ+4=
github.com/boggydigital/nod v0.1.21/go.mod h1:bYucIZ3rLHBZKf/3+T+eTSxuijuja7Y6OgU2P6o2/vo=
github.com/boggydigital/pathology v0.1.7 h1:mo6IQ3e4eLmP7xL437mIiZn1uqC0JdXIZm8OI9FPnX8=
github.com/boggydigital/pathology v0.1.7/go.mod h1:IqegmSGqlK1UR9+P6Mrua7+ZYdB8NC07sIs4Z+u2BMk=
github.com/boggydigital/stencil v0.2.22 h1:zI7/H/IChtxU44nJWsGAOjT2gRuRAIcCOw8gSaOsTKU=
github.com/boggydigital/stencil v0.2.22/go.mod h1:JXbmD3aD/74C0WRm6tzIhyFdAwuPjeK4gJxdc8jvatY=
github.com/boggydigital/testo v0.1.8 h1:NKuKLpWKn8gG3dYq8xNrFYHimxoCTdzLOs242q6jeQo=
github.com/boggydigital/testo v0.1.8/go.mod h1:8JTO6UKeQPsHS82vbCH/3NLDfewmr/84vVQ6rNLdCas=
github.com/boggydigital/wits v0.2.3 h1:Z0eB+QlIA18fJmblyV6ZJQ/swPYSFhOxfgMXOQz4/c8=
github.com/boggydigital/wits v0.2.3/go.mod h1:aR/z0vfMLtg0b4hcts0qiSTZcA51O8A2N3U9laqd2Lc=
github.com/boggydigital/yt_urls v0.1.35 h1:7qARszTV0LnzN/Izqne9spv+oZK2I8mgLMthWX4EljQ=
github.com/boggydigital/yt_urls v0.1.35/go.mod h1:SmZeJzMogVwcY5VyL7o1w0Xkf4adR2L0N1ywtFmoRcA=
golang.org/x/exp v0.0.0-20231226003508-02704c960a9b h1:kLiC65FbiHWFAOu+lxwNPujcsl8VYyTYYEZnsOO1WK4=
golang.org/x/exp v0.0.0-20231226003508-02704c960a9b/go.mod h1:iRJReGqOEeBhDZGkGbynYwcHlctCvnjTYIamk7uXpHI=
golang.org/x/image v0.14.0 h1:tNgSxAFe3jC4uYqvZdTr84SZoM1KfwdC9SKIFrLjFn4=
golang.org/x/image v0.14.0/go.mod h1:HUYqC05R2ZcZ3ejNQsIHQDQiwWM4JBqmm6MKANTp4LE=
golang.org/x/net v0.19.0 h1:zTwKpTd2XuCqf8huc7Fo2iSy+4RHPd10s4KzeTnVr1c=
golang.org/x/net v0.19.0/go.mod h1:CfAk/cbD4CthTvqiEl8NpboMuiuOYsAr/7NOjZJtv1U=
golang.org/x/text v0.14.0 h1:ScX5w1eTa3QqT8oi6+ziP7dTV1S2+ALU0bI+0zXKWiQ=
golang.org/x/text v0.14.0/go.mod h1:18ZOQIKpY8NJVqYksKHtTdi31H5itFRjB5/qKTNYzSU=
