github.com/arelate/southern_light v0.1.45 h1:QhZ+ro67/wqoqX9JUkSACkS44p55bI3NdmjPBBOVEUs=
github.com/arelate/southern_light v0.1.45/go.mod h1:IR7j2+TrHdoNfZrTNeXOvL3UYsotcNED3aOAEpm7VCY=
github.com/arelate/vangogh_local_data v0.4.16 h1:GfdaOI4QwWowULmFM6O8x8BB8YEbEFQHUyiXdKpn+aY=
github.com/arelate/vangogh_local_data v0.4.16/go.mod h1:Od88bz+FD4GaQ2O3YIBwGzn4TEQoyh/4EfDgAwcUMQk=
github.com/boggydigital/busan v0.1.0 h1:mUpe4b3vdt9Kcf4Z/C2YSuX5L7ru+J/iZW+IcSfW0cM=
github.com/boggydigital/busan v0.1.0/go.mod h1:0IjeMKwqaO94r8f28at/2UHhqV2FAN6ufFaLEbur/YU=
github.com/boggydigital/clo v1.0.4 h1:LKvXktyG+EeemzjnSp0DYIAEbY2/rvFcuHtjjwJk280=
github.com/boggydigital/clo v1.0.4/go.mod h1:7QbdMB008okXsdk41qJyJ6k/oJALIIXQ0GLYSxY9WFM=
github.com/boggydigital/issa v0.1.10 h1:zHSRJHkOz3DwVvp4/YL06qq/VHXexL7qrn4m48hRf/o=
github.com/boggydigital/issa v0.1.10/go.mod h1:Rq+f8yeTlM/3ov4MCjmxWNL90n47h5CkwP6/628McKU=
github.com/boggydigital/kevlar v0.5.15 h1:4peRYGWuGwuaEoHp1qKM0/I0gkDFW9Fz2L5PO768Uok=
github.com/boggydigital/kevlar v0.5.15/go.mod h1:eR+LJdemg0A8W+c/mTDaJH9n5xEFAGe3cuDoK7eSVBs=
github.com/boggydigital/match_node v0.1.16 h1:oE7Hlehb1xuFnB3k7kfZPjaOV3c+j0g/O76+XVoib3E=
github.com/boggydigital/match_node v0.1.16/go.mod h1:dAlD1Ktt/eUSkGzvqoxDUDTmAKZO6V7aWH5toocaeU4=
github.com/boggydigital/middleware v0.1.16 h1:ajmnG2A2gCCkVAj85GrC7Pokp+KtB0rG9caOfxnGyUs=
github.com/boggydigital/middleware v0.1.16/go.mod h1:KUe0GXODjXyAcX7ow2o5lEz4+86dhG7ChTX5ekjqGro=
github.com/boggydigital/nod v0.1.21 h1:pQbrgswCuU5dr3IWS1Z902PJAm5BebSLG+Q3aG7KJ+4=
github.com/boggydigital/nod v0.1.21/go.mod h1:bYucIZ3rLHBZKf/3+T+eTSxuijuja7Y6OgU2P6o2/vo=
github.com/boggydigital/pathways v0.1.14 h1:cJDL7WfwRM7T8FUJcXy28ReAE7AfeC3ZzDFqIUzGke4=
github.com/boggydigital/pathways v0.1.14/go.mod h1:3QniBtHEdGUQgQAnBIQnh0C1vu+bmpDCmsLe5XyruS8=
github.com/boggydigital/stencil v0.2.28 h1:on766QjR5DHC72sNPCMrTwEJKNCoK3ib3Nrb28LM0NY=
github.com/boggydigital/stencil v0.2.28/go.mod h1:5lZLx0xZg8TnDop+M+3I4HUn8Grnl8OgPoQqTDR5Ubg=
github.com/boggydigital/testo v0.1.8 h1:NKuKLpWKn8gG3dYq8xNrFYHimxoCTdzLOs242q6jeQo=
github.com/boggydigital/testo v0.1.8/go.mod h1:8JTO6UKeQPsHS82vbCH/3NLDfewmr/84vVQ6rNLdCas=
github.com/boggydigital/wits v0.2.3 h1:Z0eB+QlIA18fJmblyV6ZJQ/swPYSFhOxfgMXOQz4/c8=
github.com/boggydigital/wits v0.2.3/go.mod h1:aR/z0vfMLtg0b4hcts0qiSTZcA51O8A2N3U9laqd2Lc=
github.com/boggydigital/yet_urls v0.1.49 h1:4Oloy8OqTxDsqyEDoHFiFuZuNhFwxwYVj9U0DqLhDMU=
github.com/boggydigital/yet_urls v0.1.49/go.mod h1:gwp6JmGZPfDTYn7DZJWk3cM2+8cBjatpCJmXR3AzIRo=
github.com/boggydigital/yt_urls v0.1.47 h1:LsW/F7lq87/k4YiMneZoEMBgdVg/gUXGODXFEUcJ7Q0=
github.com/boggydigital/yt_urls v0.1.47/go.mod h1:n6l37tlAOu/S1u3UDGGj0wpFLxq5PPtlAZQsrmpAcKM=
golang.org/x/exp v0.0.0-20240613232115-7f521ea00fb8 h1:yixxcjnhBmY0nkL253HFVIm0JsFHwrHdT3Yh6szTnfY=
golang.org/x/exp v0.0.0-20240613232115-7f521ea00fb8/go.mod h1:jj3sYF3dwk5D+ghuXyeI3r5MFf+NT2An6/9dOA95KSI=
golang.org/x/image v0.18.0 h1:jGzIakQa/ZXI1I0Fxvaa9W7yP25TqT6cHIHn+6CqvSQ=
golang.org/x/image v0.18.0/go.mod h1:4yyo5vMFQjVjUcVk4jEQcU9MGy/rulF5WvUILseCM2E=
golang.org/x/net v0.27.0 h1:5K3Njcw06/l2y9vpGCSdcxWOYHOUk3dVNGDXN+FvAys=
golang.org/x/net v0.27.0/go.mod h1:dDi0PyhWNoiUOrAS8uXv/vnScO4wnHQO4mj9fn/RytE=
golang.org/x/text v0.16.0 h1:a94ExnEXNtEwYLGJSIUxnWoxoRz/ZcCsV63ROupILh4=
golang.org/x/text v0.16.0/go.mod h1:GhwF1Be+LQoKShO3cGOHzqOgRrGaYc9AvblQOmPVHnI=
