github.com/arelate/southern_light v0.1.28 h1:aq56O1ixk3bfBY2kUlZ7PaEEPQrdm2fG78TmknuK7eQ=
github.com/arelate/southern_light v0.1.28/go.mod h1:5P7A0MoqwBKSWhss/U26ny5qSwXkWJ83+PAWYQlvAXY=
github.com/arelate/vangogh_local_data v0.2.91 h1:8g5RyuxdORH4Zblylaf1n8GbsXk8YykABsxogvRAT3w=
github.com/arelate/vangogh_local_data v0.2.91/go.mod h1:Kqq0ovd+Kx22em0PUn9t5z5aLKVC0NzfjQ4TU/LKdZc=
github.com/boggydigital/clo v0.3.1 h1:hbODCWxflR7y4/O3+96uIuS/KNN5WXfItm5zoMpy36k=
github.com/boggydigital/clo v0.3.1/go.mod h1:/3bLgOSu4HbChi6qbST8ZN6uDfKyrgVvVwEKNy/GxYw=
github.com/boggydigital/issa v0.1.3 h1:4aFBlW5htji3OhoJb3S17rDoib7dV0+jSyAgge5PdVU=
github.com/boggydigital/issa v0.1.3/go.mod h1:evu3blQmQe6xJy9NRFJGIU+91IWy4/YCROVvUZi5k14=
github.com/boggydigital/issa v0.1.5 h1:3thLinhaXNHYcmF3T5y3wOEvhxq+GyhW8WtNDcl0OC0=
github.com/boggydigital/issa v0.1.5/go.mod h1:evu3blQmQe6xJy9NRFJGIU+91IWy4/YCROVvUZi5k14=
github.com/boggydigital/issa v0.1.6 h1:XpsnIwAxeHh4VNXkNqB+dO4g9xXFfbP3onWETbS7ARg=
github.com/boggydigital/issa v0.1.6/go.mod h1:TNYZ7A1mx+Ib7/o4nGQ/G9QLm3JPKV2xP8qBy+DA+ck=
github.com/boggydigital/issa v0.1.9 h1:Na0WO1gdF6wKGnoNXADBINLlUultOHY9x2F3qVSjkn4=
github.com/boggydigital/issa v0.1.9/go.mod h1:TNYZ7A1mx+Ib7/o4nGQ/G9QLm3JPKV2xP8qBy+DA+ck=
github.com/boggydigital/kvas v0.3.26 h1:ftl7RXNuaW+CMFfy2d4XHX7JJUWgnbqrl89HQ2kutIg=
github.com/boggydigital/kvas v0.3.26/go.mod h1:I+wVKLxOqWhzw0X8nez/ec/GVXcQY5GUksFJBx+G7Yc=
github.com/boggydigital/match_node v0.1.9 h1:6kw2QvnvEjcVL4dDKa1mVqnNOq/jk9lGzkCWKpsE2jg=
github.com/boggydigital/match_node v0.1.9/go.mod h1:LmKtZy8YgBYC14BStAS4g17MglrLqqUF6dehrBX7Zwc=
github.com/boggydigital/middleware v0.1.5 h1:Aj+y3jRQ5yQiSUAaB3TuLST860czUKCMMtMcvdiwDkg=
github.com/boggydigital/middleware v0.1.5/go.mod h1:pU6ig6HG7HpwZtUatAy0Hp/H7bfllI5cZhZQOy2NIME=
github.com/boggydigital/middleware v0.1.6 h1:0a/IqTSHU79ZNAzILyziYIhdAcXt8JFlIODt1cp9sYg=
github.com/boggydigital/middleware v0.1.6/go.mod h1:pU6ig6HG7HpwZtUatAy0Hp/H7bfllI5cZhZQOy2NIME=
github.com/boggydigital/middleware v0.1.7 h1:BOgctgkbtPkWoIBgHYOuOwdQnpZYa0NrB0gpP66IHwE=
github.com/boggydigital/middleware v0.1.7/go.mod h1:pU6ig6HG7HpwZtUatAy0Hp/H7bfllI5cZhZQOy2NIME=
github.com/boggydigital/middleware v0.1.8 h1:2k7BEEynjp/hXZ2MO5CsAQyEpDl1LaoLS1MEopljuAg=
github.com/boggydigital/middleware v0.1.8/go.mod h1:pU6ig6HG7HpwZtUatAy0Hp/H7bfllI5cZhZQOy2NIME=
github.com/boggydigital/middleware v0.1.9 h1:4lphXJ79oFNgu1M/KbUndW5ChPF4O3cYPSphRz8PHDk=
github.com/boggydigital/middleware v0.1.9/go.mod h1:pU6ig6HG7HpwZtUatAy0Hp/H7bfllI5cZhZQOy2NIME=
github.com/boggydigital/middleware v0.1.10 h1:69KEbo1sKZykR5wnh6Ai7yyzErVqKOci1Bo6K0hEkHM=
github.com/boggydigital/middleware v0.1.10/go.mod h1:pU6ig6HG7HpwZtUatAy0Hp/H7bfllI5cZhZQOy2NIME=
github.com/boggydigital/nod v0.1.20 h1:6cyK3fDxAUcDC9s+2JLNNHJKuCCObQbabpmJfpXCSfA=
github.com/boggydigital/nod v0.1.20/go.mod h1:rghsJhj0wC5UL7qT8W3vSUc1MlE5IyheYjfAKIZ9kLQ=
github.com/boggydigital/stencil v0.1.54 h1:OulVxVUQLU3IYJxO1Np10hQEbf8xnc+jlsb5qXEeF3U=
github.com/boggydigital/stencil v0.1.54/go.mod h1:wGAGjkmbNSzCH5n3GiS8ThJB/JEaujZBRYe0V01bQDA=
github.com/boggydigital/stencil v0.1.55 h1:3sY5X2OthBBywLJ8/0I27gnlL0V2B6LLXGmFTxEc3nQ=
github.com/boggydigital/stencil v0.1.55/go.mod h1:V9xf3hZ5jqy7Z2SjZcQXFwVQ0PxKy6ATZGeuPJT5tQU=
github.com/boggydigital/stencil v0.1.56 h1:zP9RsZloXoZYilpH9CY/7W9AwktFmmei0MFT7dBAbEE=
github.com/boggydigital/stencil v0.1.56/go.mod h1:TNUuQSXkbQvj55NeKTnhvA8Ouz0qtpKJ4f/JgnetzZ0=
github.com/boggydigital/stencil v0.1.57 h1:JW5puT7z9hL9r852U9tNCZb2KMyjRWbtuu5OIvrY7CA=
github.com/boggydigital/stencil v0.1.57/go.mod h1:TNUuQSXkbQvj55NeKTnhvA8Ouz0qtpKJ4f/JgnetzZ0=
github.com/boggydigital/stencil v0.1.58 h1:rdHpNmFO7/WGjFBKIq+fmipnrd+BiYENsN/P0SLA5cY=
github.com/boggydigital/stencil v0.1.58/go.mod h1:TNUuQSXkbQvj55NeKTnhvA8Ouz0qtpKJ4f/JgnetzZ0=
github.com/boggydigital/stencil v0.1.59 h1:Jt0sglIpvgbe5p60F3AfjAG/fDpRaDqj8kRVX+uwtoo=
github.com/boggydigital/stencil v0.1.59/go.mod h1:TNUuQSXkbQvj55NeKTnhvA8Ouz0qtpKJ4f/JgnetzZ0=
github.com/boggydigital/stencil v0.1.60 h1:iMY3Hjv5usi/FzjRkHeFTPYmsTdWbwyBM7i2sb1llQg=
github.com/boggydigital/stencil v0.1.60/go.mod h1:TNUuQSXkbQvj55NeKTnhvA8Ouz0qtpKJ4f/JgnetzZ0=
github.com/boggydigital/stencil v0.1.61 h1:CUSltlvQWHa+k/5Qwd0oqhoM/RqmwgVI3DToJkFH5Oc=
github.com/boggydigital/stencil v0.1.61/go.mod h1:A3cjsQrgD7pynWlnAZgGyPjTi2ivoZ3GpXK8VcbJVd8=
github.com/boggydigital/stencil v0.1.62 h1:bRVnjmmLa8nWvX2E4YCNndUWHFUv6jSC7yLE4MJCMCs=
github.com/boggydigital/stencil v0.1.62/go.mod h1:A3cjsQrgD7pynWlnAZgGyPjTi2ivoZ3GpXK8VcbJVd8=
github.com/boggydigital/stencil v0.1.63 h1:Si1cIp8xltZ03bAYVlBQPXy95OSbIW1bMu2NgyvY5fE=
github.com/boggydigital/stencil v0.1.63/go.mod h1:A3cjsQrgD7pynWlnAZgGyPjTi2ivoZ3GpXK8VcbJVd8=
github.com/boggydigital/stencil v0.1.64 h1:Civ+FvxwF9ogH/YuqLKjabB2NpuokO9nO/mR0YxbDGE=
github.com/boggydigital/stencil v0.1.64/go.mod h1:A3cjsQrgD7pynWlnAZgGyPjTi2ivoZ3GpXK8VcbJVd8=
github.com/boggydigital/stencil v0.1.65 h1:9dWHcTBi/fkShzJvN04nQI3Xr5NTdnHhT4ZzicWVUG8=
github.com/boggydigital/stencil v0.1.65/go.mod h1:A3cjsQrgD7pynWlnAZgGyPjTi2ivoZ3GpXK8VcbJVd8=
github.com/boggydigital/stencil v0.1.66 h1:ZCMVudZl55RIR/ywnXTsyRUtGIyl2iAbOwkYmeEAB9E=
github.com/boggydigital/stencil v0.1.66/go.mod h1:A3cjsQrgD7pynWlnAZgGyPjTi2ivoZ3GpXK8VcbJVd8=
github.com/boggydigital/stencil v0.1.67 h1:84yTMf/sx5lXHhEjNxnu6Hk37fzeYVHTRbxqs+inMmY=
github.com/boggydigital/stencil v0.1.67/go.mod h1:A3cjsQrgD7pynWlnAZgGyPjTi2ivoZ3GpXK8VcbJVd8=
github.com/boggydigital/stencil v0.1.68 h1:PLBSIwKbf0F9d7gs/8htMkDWOBuqG95Ox1vF1hnxrtA=
github.com/boggydigital/stencil v0.1.68/go.mod h1:TV479DEX+KyGMkAzAiUDtjk/v78jJlPpLw1zQ/b3p/I=
github.com/boggydigital/stencil v0.1.69 h1:x2NTtkaFCoTpIn/o2hwdM4pmeDTOqqtk+VE8fQ7wlGs=
github.com/boggydigital/stencil v0.1.69/go.mod h1:TV479DEX+KyGMkAzAiUDtjk/v78jJlPpLw1zQ/b3p/I=
github.com/boggydigital/stencil v0.1.70 h1:umt5lAJFjiM2Fbwcvh1de/C91GZLOFtiimdimeSg2ag=
github.com/boggydigital/stencil v0.1.70/go.mod h1:TV479DEX+KyGMkAzAiUDtjk/v78jJlPpLw1zQ/b3p/I=
github.com/boggydigital/stencil v0.1.71 h1:S2zEB77/jTF4o1ysI3Gf6TzMtRUSDt89rLi/eiZowG4=
github.com/boggydigital/stencil v0.1.71/go.mod h1:TV479DEX+KyGMkAzAiUDtjk/v78jJlPpLw1zQ/b3p/I=
github.com/boggydigital/stencil v0.1.72 h1:P9I3FoWjbEWxO1Csh3NDVu2G/lXSCoYaqy0BKVMEoG4=
github.com/boggydigital/stencil v0.1.72/go.mod h1:TV479DEX+KyGMkAzAiUDtjk/v78jJlPpLw1zQ/b3p/I=
github.com/boggydigital/stencil v0.1.73 h1:TgJyfzA7rBBMatLVgR+khUq5W9oOSgo84SFwzNGHScI=
github.com/boggydigital/stencil v0.1.73/go.mod h1:TV479DEX+KyGMkAzAiUDtjk/v78jJlPpLw1zQ/b3p/I=
github.com/boggydigital/stencil v0.1.74 h1:O7LxZIFRs1skOeVWUeqRaEp/GXPHixlSRQre7pJ2B6A=
github.com/boggydigital/stencil v0.1.74/go.mod h1:TV479DEX+KyGMkAzAiUDtjk/v78jJlPpLw1zQ/b3p/I=
github.com/boggydigital/stencil v0.1.77 h1:hrrMV23PRciOoZO/z+Jj/En4QvKEGhPhYUCqrsZ/AUM=
github.com/boggydigital/stencil v0.1.77/go.mod h1:yUJAeXbGWxnbWWqPnRgbctYXf3YPA5bfh48igehwpss=
github.com/boggydigital/stencil v0.1.78 h1:X2o5tK1WcZVW/ISvho6NkT/1CAgHFeUHls40L9wlEYQ=
github.com/boggydigital/stencil v0.1.78/go.mod h1:yUJAeXbGWxnbWWqPnRgbctYXf3YPA5bfh48igehwpss=
github.com/boggydigital/testo v0.1.7 h1:Sa5GIAwCyQNeGGXi8XgVpIpLQqWVeqBKQRcv0gkL098=
github.com/boggydigital/wits v0.2.3 h1:Z0eB+QlIA18fJmblyV6ZJQ/swPYSFhOxfgMXOQz4/c8=
github.com/boggydigital/wits v0.2.3/go.mod h1:aR/z0vfMLtg0b4hcts0qiSTZcA51O8A2N3U9laqd2Lc=
github.com/boggydigital/yt_urls v0.1.19 h1:O7jmvoXkJrRoH+YJcnNEh+eUJBeUYRHX+W0NfmqkroQ=
github.com/boggydigital/yt_urls v0.1.19/go.mod h1:hIfQyToulrS54t3GAuOkF9age66NKh0gswVvVQndHcs=
golang.org/x/exp v0.0.0-20221230185412-738e83a70c30 h1:m9O6OTJ627iFnN2JIWfdqlZCzneRO6EEBsHXI25P8ws=
golang.org/x/exp v0.0.0-20221230185412-738e83a70c30/go.mod h1:CxIveKay+FTh1D0yPZemJVgC/95VzuuOLq5Qi4xnoYc=
golang.org/x/exp v0.0.0-20230425010034-47ecfdc1ba53 h1:5llv2sWeaMSnA3w2kS57ouQQ4pudlXrR0dCgw51QK9o=
golang.org/x/exp v0.0.0-20230425010034-47ecfdc1ba53/go.mod h1:V1LtkGg67GoY2N1AnLN78QLrzxkLyJw7RJb1gzOOz9w=
golang.org/x/net v0.7.0 h1:rJrUqqhjsgNp7KqAIc25s9pZnjU7TUcSY7HcVZjdn1g=
golang.org/x/net v0.7.0/go.mod h1:2Tu9+aMcznHK/AK1HMvgo6xiTLG5rD5rZLDS+rp2Bjs=
golang.org/x/text v0.7.0 h1:4BRB4x83lYWy72KwLD/qYDuTu7q9PjSagHvijDw7cLo=
golang.org/x/text v0.7.0/go.mod h1:mrYo+phRRbMaCq/xk9113O4dZlRixOauAjOtrjsXDZ8=
